PODS:
  - Auth0 (2.5.0):
    - JWTDecode (~> 3.1)
    - SimpleKeychain (~> 1.1)
  - auth0_flutter (1.3.1):
    - Auth0 (= 2.5.0)
    - Flutter
    - FlutterMacOS
    - JWTDecode (= 3.1.0)
    - SimpleKeychain (= 1.1.0)
  - FlutterMacOS (1.0.0)
  - JWTDecode (3.1.0)
  - path_provider_foundation (0.0.1):
    - Flutter
    - FlutterMacOS
  - SimpleKeychain (1.1.0)

DEPENDENCIES:
  - auth0_flutter (from `Flutter/ephemeral/.symlinks/plugins/auth0_flutter/darwin`)
  - FlutterMacOS (from `Flutter/ephemeral`)
  - path_provider_foundation (from `Flutter/ephemeral/.symlinks/plugins/path_provider_foundation/darwin`)

SPEC REPOS:
  trunk:
    - Auth0
    - JWTDecode
    - SimpleKeychain

EXTERNAL SOURCES:
  auth0_flutter:
    :path: Flutter/ephemeral/.symlinks/plugins/auth0_flutter/darwin
  FlutterMacOS:
    :path: Flutter/ephemeral
  path_provider_foundation:
    :path: Flutter/ephemeral/.symlinks/plugins/path_provider_foundation/darwin

SPEC CHECKSUMS:
  Auth0: 72f19ad566fdf57f07bf37f828afd0c1570769a5
  auth0_flutter: 36047b3e7623feaadd0b0893903b730e0e1eddfa
  FlutterMacOS: 8f6f14fa908a6fb3fba0cd85dbd81ec4b251fb24
  JWTDecode: 3eaab1e06b6f4dcbdd6716aff09ba4c2104ca8b7
  path_provider_foundation: 29f094ae23ebbca9d3d0cec13889cd9060c0e943
  SimpleKeychain: f8707c8e97b38c6a6e687b17732afc9bcef06439

PODFILE CHECKSUM: a67b39594138394c7576fcbf46367d05f1b401ca

COCOAPODS: 1.14.3
