PODS:
  - Auth0 (2.3.0):
    - JWTDecode (~> 3.0)
    - SimpleKeychain (~> 1.0)
  - auth0_flutter (1.0.2):
    - Auth0 (~> 2.3)
    - Flutter
  - Flutter (1.0.0)
  - JWTDecode (3.0.0)
  - path_provider_foundation (0.0.1):
    - Flutter
    - FlutterMacOS
  - SimpleKeychain (1.0.0)

DEPENDENCIES:
  - auth0_flutter (from `.symlinks/plugins/auth0_flutter/ios`)
  - Flutter (from `Flutter`)
  - path_provider_foundation (from `.symlinks/plugins/path_provider_foundation/ios`)

SPEC REPOS:
  trunk:
    - Auth0
    - JWTDecode
    - SimpleKeychain

EXTERNAL SOURCES:
  auth0_flutter:
    :path: ".symlinks/plugins/auth0_flutter/ios"
  Flutter:
    :path: Flutter
  path_provider_foundation:
    :path: ".symlinks/plugins/path_provider_foundation/ios"

SPEC CHECKSUMS:
  Auth0: 0971e678ba303a3304d303a0be4aba852d6bf2b5
  auth0_flutter: 7ce66d04cd9e9b29291f436dfec65992595156c4
  Flutter: f04841e97a9d0b0a8025694d0796dd46242b2854
  JWTDecode: 82480a7173f8a811954e7e14a2b59f688ca4222a
  path_provider_foundation: 37748e03f12783f9de2cb2c4eadfaa25fe6d4852
  SimpleKeychain: c38b9202b7917a8599b02c4d6c62e0153f0c3def

PODFILE CHECKSUM: 882ea4029ea29ba47a49f878c25133b36826382f

COCOAPODS: 1.12.0
