PODS:
  - Auth0 (2.3.2):
    - JWTDecode (~> 3.0)
    - SimpleKeychain (~> 1.0)
  - auth0_flutter (1.2.0):
    - Auth0 (~> 2.3)
    - Flutter
  - Flutter (1.0.0)
  - JWTDecode (3.0.1)
  - path_provider_foundation (0.0.1):
    - Flutter
    - FlutterMacOS
  - SimpleKeychain (1.0.1)

DEPENDENCIES:
  - auth0_flutter (from `.symlinks/plugins/auth0_flutter/ios`)
  - Flutter (from `Flutter`)
  - path_provider_foundation (from `.symlinks/plugins/path_provider_foundation/ios`)

SPEC REPOS:
  trunk:
    - Auth0
    - JWTDecode
    - SimpleKeychain

EXTERNAL SOURCES:
  auth0_flutter:
    :path: ".symlinks/plugins/auth0_flutter/ios"
  Flutter:
    :path: Flutter
  path_provider_foundation:
    :path: ".symlinks/plugins/path_provider_foundation/ios"

SPEC CHECKSUMS:
  Auth0: 64da28fdc5cd499aa516dc4bfd0ace8efae2c1da
  auth0_flutter: bdacdf663f52777a2e7208e47e2d37c5d811f3b9
  Flutter: f04841e97a9d0b0a8025694d0796dd46242b2854
  JWTDecode: 2eed97c2fa46ccaf3049a787004eedf0be474a87
  path_provider_foundation: c68054786f1b4f3343858c1e1d0caaded73f0be9
  SimpleKeychain: 130211269f88f038d7dc5254cf0b1b9ce978c398

PODFILE CHECKSUM: 882ea4029ea29ba47a49f878c25133b36826382f

COCOAPODS: 1.12.1
